-
    slug: 17-genius-ways-to-use-old-cinder-blocks-to-transform-your-home-and-backyard
    name: '17 Genius Ways To Use Old Cinder Blocks To Transform Your Home And Backyard'
    image: 'https://i.pinimg.com/originals/f9/45/2f/f9452fd25ae5a4d0d2811049ada72e0a.jpg'
    url: /project/17-genius-ways-to-use-old-cinder-blocks-to-transform-your-home-and-backyard/
    date: 'Dec 2017'
    tags: [resume]
-
    slug: diy-cinder-block-planter
    name: 'DIY Cinder Block Planter'
    image: 'https://i.pinimg.com/originals/ce/c3/f5/cec3f55d8c1b3c08b2c6fb02dd9eebf1.jpg'
    url: /project/diy-cinder-block-planter/
    date: 'Dec 2017'
    tags: [resume]
-
    slug: 5-ways-to-use-cinder-blocks-in-the-garden
    name: '5 Ways to Use Cinder Blocks in the Garden'
    image: 'https://i.pinimg.com/originals/5a/f0/e9/5af0e997e84aef8059e084dc92573ff4.jpg'
    url: /project/5-ways-to-use-cinder-blocks-in-the-garden/
    date: 'Dec 2017'
    tags: [resume]
-
    slug: image-result-for-using-cement-blocks-as-planters
    name: 'Image result for using cement blocks as planters'
    image: 'https://i.pinimg.com/originals/74/39/e1/7439e1641ee41660cfc93c0024b13d63.jpg'
    url: /project/image-result-for-using-cement-blocks-as-planters/
    date: 'Dec 2017'
    tags: [resume]
-
    slug: cinderblock-planter
    name: 'cinderblock planter'
    image: 'https://i.pinimg.com/originals/b5/ea/e4/b5eae43d535d12a4730fbc473c1f2d1b.jpg'
    url: /project/cinderblock-planter/
    date: 'Dec 2017'
    tags: [resume]
-
    slug: 30-unique-garden-design-ideas
    name: '30 Unique Garden Design Ideas'
    image: 'https://i.pinimg.com/originals/8d/69/5f/8d695f9cad7d4124d5f06b86bea3fe31.jpg'
    url: /project/30-unique-garden-design-ideas/
    date: 'Dec 2017'
    tags: [resume]
-
    slug: genius-ways-people-are-using-cinder-block-garden
    name: 'Genius Ways People Are Using Cinder Block Garden'
    image: 'https://i.pinimg.com/originals/0a/3f/88/0a3f8806ced546574ee5bd006635d5a3.jpg'
    url: /project/genius-ways-people-are-using-cinder-block-garden/
    date: 'Dec 2017'
    tags: [resume]
-
    slug: make-this-inexpensive-and-modern-outdoor-diy-succulent-planter-using-cinder-blocks
    name: 'Make This Inexpensive And Modern Outdoor DIY Succulent Planter Using Cinder Blocks'
    image: 'https://i.pinimg.com/originals/5c/7c/82/5c7c82b706e88291ed3c2e76e4412dea.jpg'
    url: /project/make-this-inexpensive-and-modern-outdoor-diy-succulent-planter-using-cinder-blocks/
    date: 'Dec 2017'
    tags: [resume]
-
    slug: urban-cinder-block-planter
    name: 'urban cinder block planter'
    image: 'https://i.pinimg.com/originals/d5/da/7b/d5da7b68410cb73d3bc72d0cef32af8e.jpg'
    url: /project/urban-cinder-block-planter/
    date: 'Dec 2017'
    tags: [resume]
-
    slug: il-colle-une-toile-sur-un-bloc-de-beton-et-linstalle-au-coin
    name: 'Il colle une toile sur un bloc de béton et l’installe au coin de sa maison. 1 heure plus tard, c’est toute son entrée qui est transformée!'
    image: 'https://i.pinimg.com/originals/d9/db/4e/d9db4e6b5d0ab4d0590f6379ff99019f.jpg'
    url: /project/il-colle-une-toile-sur-un-bloc-de-beton-et-linstalle-au-coin/
    date: 'Dec 2017'
    tags: [resume]
-
    slug: wonderful-diy-modern-neon-concrete-block-planter
    name: 'Wonderful DIY Modern, Neon Concrete Block Planter'
    image: 'https://i.pinimg.com/originals/f9/dd/eb/f9ddebf064c814c4360939b634348ef6.jpg'
    url: /project/wonderful-diy-modern-neon-concrete-block-planter/
    date: 'Dec 2017'
    tags: [resume]
-
    slug: diy-outdoor-table-using-planters-crafthubs
    name: 'DIY Outdoor Table Using Planters — Crafthubs'
    image: 'https://i.pinimg.com/originals/31/90/1b/31901b1c7305d68a22b093fa179b0019.jpg'
    url: /project/diy-outdoor-table-using-planters-crafthubs/
    date: 'Dec 2017'
    tags: [resume]
-
    slug: 10-terra-cotta-potter-projects-to-spice-up-your-garden
    name: '10 Terra Cotta Potter Projects To Spice Up Your Garden'
    image: 'https://i.pinimg.com/originals/aa/f6/4a/aaf64a40b146b231bf8e20558e09dcb8.jpg'
    url: /project/10-terra-cotta-potter-projects-to-spice-up-your-garden/
    date: 'Dec 2017'
    tags: [resume]
-
    slug: cinder-block-raised-bed-gardens-with-wood-trimmed-bench-maybe-higher-wood
    name: 'Cinder block raised bed gardens with wood trimmed bench maybe higher wood'
    image: 'https://i.pinimg.com/originals/56/03/b8/5603b8dbf87debe1c868b3443adda25b.jpg'
    url: /project/cinder-block-raised-bed-gardens-with-wood-trimmed-bench-maybe-higher-wood/
    date: 'Dec 2017'
    tags: [resume]
-
    slug: 21-gorgeous-easy-diy-benches-beginner-friendly-tutorials-for-indoors-outdoors
    name: '21 Gorgeous Easy DIY Benches ( Beginner Friendly Tutorials for Indoors & Outdoors!)'
    image: 'https://i.pinimg.com/originals/20/bf/cc/20bfcc55a9fdc9b9f9aef9a353953ef4.jpg'
    url: /project/21-gorgeous-easy-diy-benches-beginner-friendly-tutorials-for-indoors-outdoors/
    date: 'Dec 2017'
    tags: [resume]
-
    slug: brilliant-narrow-space-vertical-garden-create-modular-container-gardens-with-cinder-blocks-and-install-a
    name: 'Brilliant! Narrow space = vertical garden. Create modular container gardens with cinder blocks and install a collection of sedums and succulents.Maybe this at the end of the driveway'
    image: 'https://i.pinimg.com/originals/f2/0e/a7/f20ea7894608640ab3fa58cdd5230f02.jpg'
    url: /project/brilliant-narrow-space-vertical-garden-create-modular-container-gardens-with-cinder-blocks-and-install-a/
    date: 'Dec 2017'
    tags: [resume]
-
    slug: cinder-block-succulent-garden-like-structure-so-instead-may-try-with-saltillo-tile-planters-or
    name: 'Cinder Block Succulent Garden, like structure so instead may try with Saltillo tile planters or square terra cotta pots - Garden Tips and Tricks'
    image: 'https://i.pinimg.com/originals/ac/31/84/ac3184dcd59b72a62e934bb208216ae3.jpg'
    url: /project/cinder-block-succulent-garden-like-structure-so-instead-may-try-with-saltillo-tile-planters-or/
    date: 'Dec 2017'
    tags: [resume]
-
    slug: 15-unusual-vegetable-garden-ideas
    name: '15 Unusual Vegetable Garden Ideas'
    image: 'https://i.pinimg.com/originals/19/48/78/19487817cae0a9d4e57f6ca32bbdd9c0.jpg'
    url: /project/15-unusual-vegetable-garden-ideas/
    date: 'Dec 2017'
    tags: [resume]
-
    slug: diy-mod-cinder-block-wall-planters
    name: 'DIY: Mod Cinder Block Wall Planters'
    image: 'https://i.pinimg.com/originals/ba/38/b4/ba38b44f14d3016420d7a04ca852d0cd.jpg'
    url: /project/diy-mod-cinder-block-wall-planters/
    date: 'Dec 2017'
    tags: [resume]
-
    slug: 9-diy-cinder-block-gardens-that-will-make-you-want-to-grab-your-gardening-tools-via
    name: '9 DIY Cinder Block Gardens That Will Make You Want to Grab Your Gardening Tools via Brit + Co'
    image: 'https://i.pinimg.com/originals/8d/4f/b4/8d4fb42c37951e75ce146dbe7f4bcce2.jpg'
    url: /project/9-diy-cinder-block-gardens-that-will-make-you-want-to-grab-your-gardening-tools-via/
    date: 'Dec 2017'
    tags: [resume]
-
    slug: make-this-easy-colorful-modern-outdoor-diy-planter-using-cinder-blocks
    name: 'Make This Easy, Colorful, Modern Outdoor DIY Planter Using Cinder Blocks'
    image: 'https://i.pinimg.com/originals/f5/4e/a9/f54ea94961e8ffd6bd19283cef2c44ff.jpg'
    url: /project/make-this-easy-colorful-modern-outdoor-diy-planter-using-cinder-blocks/
    date: 'Dec 2017'
    tags: [resume]
-
    slug: diy-concrete-block-planters
    name: 'DIY: Concrete Block Planters'
    image: 'https://i.pinimg.com/originals/97/d7/f6/97d7f66ad24e69122f20e0b6aa645aa2.jpg'
    url: /project/diy-concrete-block-planters/
    date: 'Dec 2017'
    tags: [resume]
