-
    slug: 18-creative-ideas-for-upcycled-garden-benches
    name: '18 Creative Ideas for Upcycled Garden Benches'
    image: 'https://i.pinimg.com/originals/ad/f7/8c/adf78c5adebb08fb260642c667da62e7.png'
    url: /project/18-creative-ideas-for-upcycled-garden-benches/
    date: 'Sep 2017'
    tags: [resume]
-
    slug: cinder-block-projects
    name: 'Cinder Block Projects'
    image: 'https://i.pinimg.com/originals/c8/9e/42/c89e42a55f5d601ac65bc43eef424513.jpg'
    url: /project/cinder-block-projects/
    date: 'Sep 2017'
    tags: [resume]
-
    slug: 17-genius-ways-to-use-old-cinder-blocks-to-transform-your-home-and-backyard
    name: '17 Genius Ways To Use Old Cinder Blocks To Transform Your Home And Backyard'
    image: 'https://i.pinimg.com/originals/f9/45/2f/f9452fd25ae5a4d0d2811049ada72e0a.jpg'
    url: /project/17-genius-ways-to-use-old-cinder-blocks-to-transform-your-home-and-backyard/
    date: 'Sep 2017'
    tags: [resume]
-
    slug: diy-cinder-block-planter
    name: 'DIY Cinder Block Planter'
    image: 'https://i.pinimg.com/originals/ce/c3/f5/cec3f55d8c1b3c08b2c6fb02dd9eebf1.jpg'
    url: /project/diy-cinder-block-planter/
    date: 'Sep 2017'
    tags: [resume]
-
    slug: 5-ways-to-use-cinder-blocks-in-the-garden
    name: '5 Ways to Use Cinder Blocks in the Garden'
    image: 'https://i.pinimg.com/originals/5a/f0/e9/5af0e997e84aef8059e084dc92573ff4.jpg'
    url: /project/5-ways-to-use-cinder-blocks-in-the-garden/
    date: 'Sep 2017'
    tags: [resume]
-
    slug: image-result-for-using-cement-blocks-as-planters
    name: 'Image result for using cement blocks as planters'
    image: 'https://i.pinimg.com/originals/74/39/e1/7439e1641ee41660cfc93c0024b13d63.jpg'
    url: /project/image-result-for-using-cement-blocks-as-planters/
    date: 'Sep 2017'
    tags: [resume]
-
    slug: the-new-hearth-pit-figure-out-even-more-by-clicking-the-image-link
    name: 'The New Hearth Pit!!. >> Figure out even more by clicking the image link'
    image: 'https://i.pinimg.com/originals/ce/5f/97/ce5f9723b6dfcee49d10634971fd1f29.jpg'
    url: /project/the-new-hearth-pit-figure-out-even-more-by-clicking-the-image-link/
    date: 'Sep 2017'
    tags: [resume]
-
    slug: diy-projects-with-cinder-blocks-ideas-inspirations
    name: 'DIY Projects With Cinder Blocks Ideas, Inspirations'
    image: 'https://i.pinimg.com/originals/f5/44/7c/f5447c3847d1620a1bc30e9ca1e0fce2.jpg'
    url: /project/diy-projects-with-cinder-blocks-ideas-inspirations/
    date: 'Sep 2017'
    tags: [resume]
-
    slug: low-maintenance-decorative-garden-with-modern-collection-of-plants-colour-rock-and-stone-to-hide
    name: 'Low maintenance, decorative garden with modern collection of plants, colour, rock and stone, to hide an unsightly view'
    image: 'https://i.pinimg.com/originals/d6/3a/36/d63a365680dffcee41d36f25d2b20b0f.jpg'
    url: /project/low-maintenance-decorative-garden-with-modern-collection-of-plants-colour-rock-and-stone-to-hide/
    date: 'Sep 2017'
    tags: [resume]
-
    slug: make-this-inexpensive-and-modern-outdoor-diy-succulent-planter-using-cinder-blocks
    name: 'Make This Inexpensive And Modern Outdoor DIY Succulent Planter Using Cinder Blocks'
    image: 'https://i.pinimg.com/originals/e7/b0/b4/e7b0b4d7909d764ceb0e77fae2f01ab6.jpg'
    url: /project/make-this-inexpensive-and-modern-outdoor-diy-succulent-planter-using-cinder-blocks/
    date: 'Sep 2017'
    tags: [resume]
-
    slug: 15-creative-cinder-block-raised-garden-beds
    name: '15 Creative Cinder Block Raised Garden Beds'
    image: 'https://i.pinimg.com/originals/20/84/6a/20846a76957676b4ece8aef5b9eb6d3a.jpg'
    url: /project/15-creative-cinder-block-raised-garden-beds/
    date: 'Sep 2017'
    tags: [resume]
-
    slug: 30-awesome-things-you-can-do-with-cinder-blocks
    name: '30 Awesome Things You Can Do with… Cinder Blocks'
    image: 'https://i.pinimg.com/originals/13/2f/19/132f19447f36ce84b0a2aa2b06d5e265.jpg'
    url: /project/30-awesome-things-you-can-do-with-cinder-blocks/
    date: 'Sep 2017'
    tags: [resume]
-
    slug: at-home-with-caroline-lee-in-los-angeles-california
    name: 'At Home with Caroline Lee in Los Angeles, California'
    image: 'https://i.pinimg.com/originals/a9/23/86/a9238654829d88434d896f4b59223e27.jpg'
    url: /project/at-home-with-caroline-lee-in-los-angeles-california/
    date: 'Sep 2017'
    tags: [resume]
-
    slug: how-to-cover-your-cinder-block-walls
    name: 'How to Cover Your Cinder Block Walls'
    image: 'https://i.pinimg.com/originals/75/ec/28/75ec28f3c9fd26a6077dfd49a4a8deaf.jpg'
    url: /project/how-to-cover-your-cinder-block-walls/
    date: 'Sep 2017'
    tags: [resume]
-
    slug: jardinera-vertical-diy-con-bloques-de-hormigon
    name: 'Jardinera vertical DIY con bloques de hormigón'
    image: 'https://i.pinimg.com/originals/54/c6/b0/54c6b0a0196d345f69695bc959a28b0b.jpg'
    url: /project/jardinera-vertical-diy-con-bloques-de-hormigon/
    date: 'Sep 2017'
    tags: [resume]
-
    slug: painted-cinder-block-wall
    name: 'Painted Cinder Block Wall'
    image: 'https://i.pinimg.com/originals/ab/28/cb/ab28cb7cd7ab4942a671ad74125d3e53.jpg'
    url: /project/painted-cinder-block-wall/
    date: 'Sep 2017'
    tags: [resume]
-
    slug: how-to-make-a-cinder-block-bench-10-amazing-ideas-to-inspire-you
    name: 'How to Make a Cinder Block Bench: 10 Amazing Ideas to Inspire You!'
    image: 'https://i.pinimg.com/originals/02/15/44/021544bb942cd35907bbd638c2cb2bf6.jpg'
    url: /project/how-to-make-a-cinder-block-bench-10-amazing-ideas-to-inspire-you/
    date: 'Sep 2017'
    tags: [resume]
-
    slug: diy-mod-cinder-block-wall-planters
    name: 'DIY: Mod Cinder Block Wall Planters'
    image: 'https://i.pinimg.com/originals/ba/38/b4/ba38b44f14d3016420d7a04ca852d0cd.jpg'
    url: /project/diy-mod-cinder-block-wall-planters/
    date: 'Sep 2017'
    tags: [resume]
-
    slug: longer-bench-materials-1-12-long-4-x-6-cut-in-half-with-38-routed-off-ends
    name: 'Longer bench - Materials:  1 - 12'' long 4" x 6" cut in half (with 3/8" routed off ends to fit into cinder block) 4 - 8" x 8" x 16" Cinder Blocks 2 - 6" x 8" x 16" Cinder Blocks 2 - 6" x 8" x 8" Cinder Blocks'
    image: 'https://i.pinimg.com/originals/4c/1f/f1/4c1ff1b5ecacfe23c8d38f2d1bbd7218.jpg'
    url: /project/longer-bench-materials-1-12-long-4-x-6-cut-in-half-with-38-routed-off-ends/
    date: 'Sep 2017'
    tags: [resume]
-
    slug: make-this-easy-colorful-modern-outdoor-diy-planter-using-cinder-blocks
    name: 'Make This Easy, Colorful, Modern Outdoor DIY Planter Using Cinder Blocks'
    image: 'https://i.pinimg.com/originals/f5/4e/a9/f54ea94961e8ffd6bd19283cef2c44ff.jpg'
    url: /project/make-this-easy-colorful-modern-outdoor-diy-planter-using-cinder-blocks/
    date: 'Sep 2017'
    tags: [resume]
-
    slug: decorative-garden-projects-using-cinder-blocks
    name: 'Decorative Garden Projects Using Cinder Blocks'
    image: 'https://i.pinimg.com/originals/45/16/2e/45162efe1bad94e6702f9df3fe81d6ef.jpg'
    url: /project/decorative-garden-projects-using-cinder-blocks/
    date: 'Sep 2017'
    tags: [resume]
-
    slug: breeze-blocksi-love-what-they-did-with-cinderblocks-back-thenand-the-walls-outside
    name: 'Breeze blocks....I love what they did with cinderblocks back then....and the walls outside that they created....'
    image: 'https://i.pinimg.com/originals/02/ee/2b/02ee2b8cfbe0ef5d86acd205e3fcc36d.jpg'
    url: /project/breeze-blocksi-love-what-they-did-with-cinderblocks-back-thenand-the-walls-outside/
    date: 'Sep 2017'
    tags: [resume]
-
    slug: cinder-block-bench-woth-wood-top
    name: 'Cinder block bench woth wood top'
    image: 'https://i.pinimg.com/originals/d4/4a/24/d44a242554c9cd881d86982ae2f20312.jpg'
    url: /project/cinder-block-bench-woth-wood-top/
    date: 'Sep 2017'
    tags: [resume]
-
    slug: urban-cinder-block-planter
    name: 'urban cinder block planter'
    image: 'https://i.pinimg.com/originals/09/15/be/0915be413cc581ed43ee2f1f271ba11f.jpg'
    url: /project/urban-cinder-block-planter/
    date: 'Sep 2017'
    tags: [resume]
-
    slug: steps-build-outdoor-steps-with-cinder-blocks-then-fill-in-the-holes-with-small-pebbles
    name: 'Steps  – Build outdoor steps with cinder blocks, then fill in the holes with small pebbles to ensure nobody sprains an ankle by tripping...'
    image: 'https://i.pinimg.com/originals/e8/c6/92/e8c6922125524f3056b1a89cf7673ba9.jpg'
    url: /project/steps-build-outdoor-steps-with-cinder-blocks-then-fill-in-the-holes-with-small-pebbles/
    date: 'Sep 2017'
    tags: [resume]
